{
  "requires": true,
  "lockfileVersion": 1,
  "dependencies": {
    "promises": {
      "version": "0.2.5",
      "resolved": "https://registry.npmjs.org/promises/-/promises-0.2.5.tgz",
      "integrity": "sha1-X1lHxR7S0p1H6Nzz4Vj0wadesx0="
    },
    "typescript": {
      "version": "3.9.6",
      "resolved": "https://registry.npmjs.org/typescript/-/typescript-3.9.6.tgz",
      "integrity": "sha512-Pspx3oKAPJtjNwE92YS05HQoY7z2SFyOpHo9MqJor3BXAGNaPUs83CuVp9VISFkSjyRfiTpmKuAYGJB7S7hOxw=="
    }
  }
}
